%{"execjs": {:hex, :execjs, "1.1.3", "452e5f3ed0c13ecd4334f66535c2209f27f2e96b78933a3ef74ec73193a59cf3", [:mix], [{:poison, "~> 1.5", [hex: :poison, optional: false]}]},
  "mime": {:hex, :mime, "1.0.0", "b63027733bba00b1013bad14e25dc8b6629ecb817731544a88a0fd14f2a55685", [:mix], []},
  "phoenix": {:hex, :phoenix, "1.1.6", "7bf19002669c8f692f5a9c8d30dab7b49f3dc56228d5bde92a12fb426b4783c2", [:mix], [{:poison, "~> 1.5 or ~> 2.0", [hex: :poison, optional: false]}, {:plug, "~> 1.0", [hex: :plug, optional: false]}, {:cowboy, "~> 1.0", [hex: :cowboy, optional: true]}]},
  "phoenix_pubsub": {:hex, :phoenix_pubsub, "1.0.0-rc.0", "5c9453f9c7c8e4982ba48f408e4cec973ffb312bbe0da5fbe47899b9c91c48c0", [:mix], []},
  "plug": {:hex, :plug, "1.1.5", "de5645c18170415a72b18cc3d215c05321ddecac27a15acb923742156e98278b", [:mix], [{:cowboy, "~> 1.0", [hex: :cowboy, optional: true]}]},
  "poison": {:hex, :poison, "1.5.2", "560bdfb7449e3ddd23a096929fb9fc2122f709bcc758b2d5d5a5c7d0ea848910", [:mix], []}}
